
Microsoft Visual Studio Solution File, Format Version 12.00
# Visual Studio 15
VisualStudioVersion = 15.0.27130.2036
MinimumVisualStudioVersion = 10.0.40219.1
Project("{FAE04EC0-301F-11D3-BF4B-00C04F79EFBC}") = "bodyMassIdex", "bodyMassIdex\bodyMassIdex.csproj", "{989FF404-480C-401A-9832-7C272119AAE6}"
EndProject
Global
	GlobalSection(SolutionConfigurationPlatforms) = preSolution
		Debug|Any CPU = Debug|Any CPU
		Release|Any CPU = Release|Any CPU
	EndGlobalSection
	GlobalSection(ProjectConfigurationPlatforms) = postSolution
		{989FF404-480C-401A-9832-7C272119AAE6}.Debug|Any CPU.ActiveCfg = Debug|Any CPU
		{989FF404-480C-401A-9832-7C272119AAE6}.Debug|Any CPU.Build.0 = Debug|Any CPU
		{989FF404-480C-401A-9832-7C272119AAE6}.Release|Any CPU.ActiveCfg = Release|Any CPU
		{989FF404-480C-401A-9832-7C272119AAE6}.Release|Any CPU.Build.0 = Release|Any CPU
	EndGlobalSection
	GlobalSection(SolutionProperties) = preSolution
		HideSolutionNode = FALSE
	EndGlobalSection
	GlobalSection(ExtensibilityGlobals) = postSolution
		SolutionGuid = {7ECF8191-0FE4-48A4-90B5-F2B0D677ECC3}
	EndGlobalSection
EndGlobal
